
Microsoft Visual Studio Solution File, Format Version 12.00
# Visual Studio Version 17
VisualStudioVersion = 17.2.32516.85
MinimumVisualStudioVersion = 10.0.40219.1
Project("{FAE04EC0-301F-11D3-BF4B-00C04F79EFBC}") = "KiemTra_NguyenCongDat", "KiemTra_NguyenCongDat\KiemTra_NguyenCongDat.csproj", "{1D33F4FC-C44B-4BCE-88E1-6F12AA0E9B8A}"
EndProject
Global
	GlobalSection(SolutionConfigurationPlatforms) = preSolution
		Debug|Any CPU = Debug|Any CPU
		Release|Any CPU = Release|Any CPU
	EndGlobalSection
	GlobalSection(ProjectConfigurationPlatforms) = postSolution
		{1D33F4FC-C44B-4BCE-88E1-6F12AA0E9B8A}.Debug|Any CPU.ActiveCfg = Debug|Any CPU
		{1D33F4FC-C44B-4BCE-88E1-6F12AA0E9B8A}.Debug|Any CPU.Build.0 = Debug|Any CPU
		{1D33F4FC-C44B-4BCE-88E1-6F12AA0E9B8A}.Release|Any CPU.ActiveCfg = Release|Any CPU
		{1D33F4FC-C44B-4BCE-88E1-6F12AA0E9B8A}.Release|Any CPU.Build.0 = Release|Any CPU
	EndGlobalSection
	GlobalSection(SolutionProperties) = preSolution
		HideSolutionNode = FALSE
	EndGlobalSection
	GlobalSection(ExtensibilityGlobals) = postSolution
		SolutionGuid = {03CB0D02-24E6-4DFC-95AA-556EC6251F7E}
	EndGlobalSection
EndGlobal
